
Microsoft Visual Studio Solution File, Format Version 12.00
# Visual Studio Version 16
VisualStudioVersion = 16.0.31911.196
MinimumVisualStudioVersion = 10.0.40219.1
Project("{FAE04EC0-301F-11D3-BF4B-00C04F79EFBC}") = "SoftwareFullComponents.Gateway", "SoftwareFullComponents.Gateway\SoftwareFullComponents.Gateway.csproj", "{4C59DE37-0BA8-44B8-B061-D29BFE0247E1}"
EndProject
Global
	GlobalSection(SolutionConfigurationPlatforms) = preSolution
		Debug|Any CPU = Debug|Any CPU
		Release|Any CPU = Release|Any CPU
	EndGlobalSection
	GlobalSection(ProjectConfigurationPlatforms) = postSolution
		{4C59DE37-0BA8-44B8-B061-D29BFE0247E1}.Debug|Any CPU.ActiveCfg = Debug|Any CPU
		{4C59DE37-0BA8-44B8-B061-D29BFE0247E1}.Debug|Any CPU.Build.0 = Debug|Any CPU
		{4C59DE37-0BA8-44B8-B061-D29BFE0247E1}.Release|Any CPU.ActiveCfg = Release|Any CPU
		{4C59DE37-0BA8-44B8-B061-D29BFE0247E1}.Release|Any CPU.Build.0 = Release|Any CPU
	EndGlobalSection
	GlobalSection(SolutionProperties) = preSolution
		HideSolutionNode = FALSE
	EndGlobalSection
	GlobalSection(ExtensibilityGlobals) = postSolution
		SolutionGuid = {74A478C2-E99C-4B1F-8C1F-854D0AEC11E2}
	EndGlobalSection
EndGlobal
